
Microsoft Visual Studio Solution File, Format Version 11.00
# Visual Studio 2010
Project("{FAE04EC0-301F-11D3-BF4B-00C04F79EFBC}") = "saibabacharityreceiptor", "saibabacharityreceiptor\saibabacharityreceiptor.csproj", "{DD7BB239-9AC2-4526-8275-0CB61D97247C}"
EndProject
Project("{FAE04EC0-301F-11D3-BF4B-00C04F79EFBC}") = "pdf_test_app", "pdf_test_app\pdf_test_app.csproj", "{FD08E22F-8EDF-42F9-9FC3-B1F0D988D01A}"
EndProject
Global
	GlobalSection(SolutionConfigurationPlatforms) = preSolution
		Debug|Any CPU = Debug|Any CPU
		Debug|Mixed Platforms = Debug|Mixed Platforms
		Debug|x86 = Debug|x86
		Release|Any CPU = Release|Any CPU
		Release|Mixed Platforms = Release|Mixed Platforms
		Release|x86 = Release|x86
	EndGlobalSection
	GlobalSection(ProjectConfigurationPlatforms) = postSolution
		{DD7BB239-9AC2-4526-8275-0CB61D97247C}.Debug|Any CPU.ActiveCfg = Debug|Any CPU
		{DD7BB239-9AC2-4526-8275-0CB61D97247C}.Debug|Any CPU.Build.0 = Debug|Any CPU
		{DD7BB239-9AC2-4526-8275-0CB61D97247C}.Debug|Mixed Platforms.ActiveCfg = Debug|Any CPU
		{DD7BB239-9AC2-4526-8275-0CB61D97247C}.Debug|Mixed Platforms.Build.0 = Debug|Any CPU
		{DD7BB239-9AC2-4526-8275-0CB61D97247C}.Debug|x86.ActiveCfg = Debug|Any CPU
		{DD7BB239-9AC2-4526-8275-0CB61D97247C}.Release|Any CPU.ActiveCfg = Release|Any CPU
		{DD7BB239-9AC2-4526-8275-0CB61D97247C}.Release|Any CPU.Build.0 = Release|Any CPU
		{DD7BB239-9AC2-4526-8275-0CB61D97247C}.Release|Mixed Platforms.ActiveCfg = Release|Any CPU
		{DD7BB239-9AC2-4526-8275-0CB61D97247C}.Release|Mixed Platforms.Build.0 = Release|Any CPU
		{DD7BB239-9AC2-4526-8275-0CB61D97247C}.Release|x86.ActiveCfg = Release|Any CPU
		{FD08E22F-8EDF-42F9-9FC3-B1F0D988D01A}.Debug|Any CPU.ActiveCfg = Debug|x86
		{FD08E22F-8EDF-42F9-9FC3-B1F0D988D01A}.Debug|Mixed Platforms.ActiveCfg = Debug|x86
		{FD08E22F-8EDF-42F9-9FC3-B1F0D988D01A}.Debug|Mixed Platforms.Build.0 = Debug|x86
		{FD08E22F-8EDF-42F9-9FC3-B1F0D988D01A}.Debug|x86.ActiveCfg = Debug|x86
		{FD08E22F-8EDF-42F9-9FC3-B1F0D988D01A}.Debug|x86.Build.0 = Debug|x86
		{FD08E22F-8EDF-42F9-9FC3-B1F0D988D01A}.Release|Any CPU.ActiveCfg = Release|x86
		{FD08E22F-8EDF-42F9-9FC3-B1F0D988D01A}.Release|Mixed Platforms.ActiveCfg = Release|x86
		{FD08E22F-8EDF-42F9-9FC3-B1F0D988D01A}.Release|Mixed Platforms.Build.0 = Release|x86
		{FD08E22F-8EDF-42F9-9FC3-B1F0D988D01A}.Release|x86.ActiveCfg = Release|x86
		{FD08E22F-8EDF-42F9-9FC3-B1F0D988D01A}.Release|x86.Build.0 = Release|x86
	EndGlobalSection
	GlobalSection(SolutionProperties) = preSolution
		HideSolutionNode = FALSE
	EndGlobalSection
EndGlobal
